
Microsoft Visual Studio Solution File, Format Version 10.00
# Visual Studio 2008
Project("{8BC9CEB8-8B4A-11D0-8D11-00A0C91BC942}") = "part1", "part1.vcproj", "{D69E3703-8EE6-4469-8A5B-F898131F2134}"
EndProject
Global
	GlobalSection(SolutionConfigurationPlatforms) = preSolution
		Debug|Win32 = Debug|Win32
		Release|Win32 = Release|Win32
	EndGlobalSection
	GlobalSection(ProjectConfigurationPlatforms) = postSolution
		{D69E3703-8EE6-4469-8A5B-F898131F2134}.Debug|Win32.ActiveCfg = Debug|Win32
		{D69E3703-8EE6-4469-8A5B-F898131F2134}.Debug|Win32.Build.0 = Debug|Win32
		{D69E3703-8EE6-4469-8A5B-F898131F2134}.Release|Win32.ActiveCfg = Release|Win32
		{D69E3703-8EE6-4469-8A5B-F898131F2134}.Release|Win32.Build.0 = Release|Win32
	EndGlobalSection
	GlobalSection(SolutionProperties) = preSolution
		HideSolutionNode = FALSE
	EndGlobalSection
EndGlobal
