
Microsoft Visual Studio Solution File, Format Version 10.00
# Visual Studio 2008
Project("{8BC9CEB8-8B4A-11D0-8D11-00A0C91BC942}") = "part8", "part8.vcproj", "{F25795CD-7B78-4F5C-85B7-0D1B1A43100C}"
EndProject
Global
	GlobalSection(SolutionConfigurationPlatforms) = preSolution
		Debug|Win32 = Debug|Win32
		Release|Win32 = Release|Win32
	EndGlobalSection
	GlobalSection(ProjectConfigurationPlatforms) = postSolution
		{F25795CD-7B78-4F5C-85B7-0D1B1A43100C}.Debug|Win32.ActiveCfg = Debug|Win32
		{F25795CD-7B78-4F5C-85B7-0D1B1A43100C}.Debug|Win32.Build.0 = Debug|Win32
		{F25795CD-7B78-4F5C-85B7-0D1B1A43100C}.Release|Win32.ActiveCfg = Release|Win32
		{F25795CD-7B78-4F5C-85B7-0D1B1A43100C}.Release|Win32.Build.0 = Release|Win32
	EndGlobalSection
	GlobalSection(SolutionProperties) = preSolution
		HideSolutionNode = FALSE
	EndGlobalSection
EndGlobal
