
Microsoft Visual Studio Solution File, Format Version 10.00
# Visual Studio 2008
Project("{8BC9CEB8-8B4A-11D0-8D11-00A0C91BC942}") = "newpaint", "newpaint.vcproj", "{EAFD3882-1E4D-46EC-85C9-E1BE880C50CA}"
EndProject
Global
	GlobalSection(SolutionConfigurationPlatforms) = preSolution
		Debug|Win32 = Debug|Win32
		Release|Win32 = Release|Win32
	EndGlobalSection
	GlobalSection(ProjectConfigurationPlatforms) = postSolution
		{EAFD3882-1E4D-46EC-85C9-E1BE880C50CA}.Debug|Win32.ActiveCfg = Debug|Win32
		{EAFD3882-1E4D-46EC-85C9-E1BE880C50CA}.Debug|Win32.Build.0 = Debug|Win32
		{EAFD3882-1E4D-46EC-85C9-E1BE880C50CA}.Release|Win32.ActiveCfg = Release|Win32
		{EAFD3882-1E4D-46EC-85C9-E1BE880C50CA}.Release|Win32.Build.0 = Release|Win32
	EndGlobalSection
	GlobalSection(SolutionProperties) = preSolution
		HideSolutionNode = FALSE
	EndGlobalSection
EndGlobal
