
Microsoft Visual Studio Solution File, Format Version 10.00
# Visual Studio 2008
Project("{8BC9CEB8-8B4A-11D0-8D11-00A0C91BC942}") = "part7", "part7.vcproj", "{B008E0B4-437D-4B21-B67D-17CFD991DA4F}"
EndProject
Global
	GlobalSection(SolutionConfigurationPlatforms) = preSolution
		Debug|Win32 = Debug|Win32
		Release|Win32 = Release|Win32
	EndGlobalSection
	GlobalSection(ProjectConfigurationPlatforms) = postSolution
		{B008E0B4-437D-4B21-B67D-17CFD991DA4F}.Debug|Win32.ActiveCfg = Debug|Win32
		{B008E0B4-437D-4B21-B67D-17CFD991DA4F}.Debug|Win32.Build.0 = Debug|Win32
		{B008E0B4-437D-4B21-B67D-17CFD991DA4F}.Release|Win32.ActiveCfg = Release|Win32
		{B008E0B4-437D-4B21-B67D-17CFD991DA4F}.Release|Win32.Build.0 = Release|Win32
	EndGlobalSection
	GlobalSection(SolutionProperties) = preSolution
		HideSolutionNode = FALSE
	EndGlobalSection
EndGlobal
