
Microsoft Visual Studio Solution File, Format Version 10.00
# Visual Studio 2008
Project("{8BC9CEB8-8B4A-11D0-8D11-00A0C91BC942}") = "exercise2", "exercise2.vcproj", "{B4EA5BBD-BB85-4F18-85A1-6E5AF3D6B993}"
EndProject
Global
	GlobalSection(SolutionConfigurationPlatforms) = preSolution
		Debug|Win32 = Debug|Win32
		Release|Win32 = Release|Win32
	EndGlobalSection
	GlobalSection(ProjectConfigurationPlatforms) = postSolution
		{B4EA5BBD-BB85-4F18-85A1-6E5AF3D6B993}.Debug|Win32.ActiveCfg = Debug|Win32
		{B4EA5BBD-BB85-4F18-85A1-6E5AF3D6B993}.Debug|Win32.Build.0 = Debug|Win32
		{B4EA5BBD-BB85-4F18-85A1-6E5AF3D6B993}.Release|Win32.ActiveCfg = Release|Win32
		{B4EA5BBD-BB85-4F18-85A1-6E5AF3D6B993}.Release|Win32.Build.0 = Release|Win32
	EndGlobalSection
	GlobalSection(SolutionProperties) = preSolution
		HideSolutionNode = FALSE
	EndGlobalSection
EndGlobal
